{
    "version": 3,
    "terraform_version": "0.11.8",
    "serial": 9,
    "lineage": "712e41cd-365e-ae39-2ea1-cea46d8745d6",
    "modules": [
        {
            "path": [
                "root"
            ],
            "outputs": {},
            "resources": {
                "aws_iam_instance_profile.test": {
                    "type": "aws_iam_instance_profile",
                    "depends_on": [
                        "aws_iam_role.CCInterview-sachin"
                    ],
                    "primary": {
                        "id": "ec2-instance-profile",
                        "attributes": {
                            "arn": "arn:aws:iam::089816662102:instance-profile/ec2-instance-profile",
                            "create_date": "2018-08-27T05:37:11Z",
                            "id": "ec2-instance-profile",
                            "name": "ec2-instance-profile",
                            "path": "/",
                            "role": "CCInterview-sachin",
                            "roles.#": "1",
                            "roles.805470103": "CCInterview-sachin",
                            "unique_id": "AIPAITB23QNHFNVQ25DZO"
                        },
                        "meta": {},
                        "tainted": false
                    },
                    "deposed": [],
                    "provider": "provider.aws"
                },
                "aws_iam_role.CCInterview-sachin": {
                    "type": "aws_iam_role",
                    "depends_on": [],
                    "primary": {
                        "id": "CCInterview-sachin",
                        "attributes": {
                            "arn": "arn:aws:iam::089816662102:role/CCInterview-sachin",
                            "assume_role_policy": "{\"Version\":\"2012-10-17\",\"Statement\":[{\"Sid\":\"\",\"Effect\":\"Allow\",\"Principal\":{\"Service\":\"ec2.amazonaws.com\"},\"Action\":\"sts:AssumeRole\"}]}",
                            "create_date": "2018-08-27T05:21:02Z",
                            "description": "",
                            "force_detach_policies": "false",
                            "id": "CCInterview-sachin",
                            "max_session_duration": "3600",
                            "name": "CCInterview-sachin",
                            "path": "/",
                            "unique_id": "AROAIW2HKQTGI5HRQG6IO"
                        },
                        "meta": {},
                        "tainted": false
                    },
                    "deposed": [],
                    "provider": "provider.aws"
                },
                "aws_iam_role_policy.test_policy": {
                    "type": "aws_iam_role_policy",
                    "depends_on": [],
                    "primary": {
                        "id": "CCInterview-sachin:test_policy",
                        "attributes": {
                            "id": "CCInterview-sachin:test_policy",
                            "name": "test_policy",
                            "policy": "{\n  \"Version\": \"2012-10-17\",\n  \"Statement\": [\n    {\n      \"Sid\": \"Stmt1535346513440\",\n      \"Action\": \"s3:*\",\n      \"Effect\": \"Allow\",\n      \"Resource\": \"arn:aws:s3:::cldcvr-interview/*\"\n    }\n  ]\n}\n",
                            "role": "CCInterview-sachin"
                        },
                        "meta": {},
                        "tainted": false
                    },
                    "deposed": [],
                    "provider": "provider.aws"
                },
                "aws_instance.example": {
                    "type": "aws_instance",
                    "depends_on": [],
                    "primary": {
                        "id": "i-0464626bec4d18628",
                        "attributes": {
                            "ami": "ami-dd3442b2",
                            "arn": "arn:aws:ec2:ap-south-1:089816662102:instance/i-0464626bec4d18628",
                            "associate_public_ip_address": "true",
                            "availability_zone": "ap-south-1a",
                            "cpu_core_count": "1",
                            "cpu_threads_per_core": "1",
                            "credit_specification.#": "1",
                            "credit_specification.0.cpu_credits": "standard",
                            "disable_api_termination": "false",
                            "ebs_block_device.#": "0",
                            "ebs_optimized": "false",
                            "ephemeral_block_device.#": "0",
                            "get_password_data": "false",
                            "iam_instance_profile": "",
                            "id": "i-0464626bec4d18628",
                            "instance_state": "running",
                            "instance_type": "t2.nano",
                            "ipv6_addresses.#": "0",
                            "key_name": "sachina",
                            "monitoring": "false",
                            "network_interface.#": "0",
                            "network_interface_id": "eni-098d1e095ef298ba8",
                            "password_data": "",
                            "placement_group": "",
                            "primary_network_interface_id": "eni-098d1e095ef298ba8",
                            "private_dns": "ip-172-31-31-235.ap-south-1.compute.internal",
                            "private_ip": "172.31.31.235",
                            "public_dns": "ec2-13-232-252-221.ap-south-1.compute.amazonaws.com",
                            "public_ip": "13.232.252.221",
                            "root_block_device.#": "1",
                            "root_block_device.0.delete_on_termination": "true",
                            "root_block_device.0.iops": "100",
                            "root_block_device.0.volume_id": "vol-0c98e46c372c24ca6",
                            "root_block_device.0.volume_size": "8",
                            "root_block_device.0.volume_type": "gp2",
                            "security_groups.#": "1",
                            "security_groups.3814588639": "default",
                            "source_dest_check": "true",
                            "subnet_id": "subnet-79cf2910",
                            "tags.%": "1",
                            "tags.Name": "CCInterview-Sachin",
                            "tenancy": "default",
                            "volume_tags.%": "0",
                            "vpc_security_group_ids.#": "1",
                            "vpc_security_group_ids.704754698": "sg-48df3221"
                        },
                        "meta": {
                            "e2bfb730-ecaa-11e6-8f88-34363bc7c4c0": {
                                "create": 600000000000,
                                "delete": 1200000000000,
                                "update": 600000000000
                            },
                            "schema_version": "1"
                        },
                        "tainted": false
                    },
                    "deposed": [],
                    "provider": "provider.aws"
                },
                "aws_security_group.CCInterview-Sachin": {
                    "type": "aws_security_group",
                    "depends_on": [],
                    "primary": {
                        "id": "sg-0c7b742138311fd3f",
                        "attributes": {
                            "arn": "arn:aws:ec2:ap-south-1:089816662102:security-group/sg-0c7b742138311fd3f",
                            "description": "Managed by Terraform",
                            "egress.#": "0",
                            "id": "sg-0c7b742138311fd3f",
                            "ingress.#": "1",
                            "ingress.2541437006.cidr_blocks.#": "1",
                            "ingress.2541437006.cidr_blocks.0": "0.0.0.0/0",
                            "ingress.2541437006.description": "",
                            "ingress.2541437006.from_port": "22",
                            "ingress.2541437006.ipv6_cidr_blocks.#": "0",
                            "ingress.2541437006.protocol": "tcp",
                            "ingress.2541437006.security_groups.#": "0",
                            "ingress.2541437006.self": "false",
                            "ingress.2541437006.to_port": "22",
                            "name": "CCInterview-Sachin",
                            "owner_id": "089816662102",
                            "revoke_rules_on_delete": "false",
                            "tags.%": "0",
                            "vpc_id": "vpc-b657b1df"
                        },
                        "meta": {
                            "e2bfb730-ecaa-11e6-8f88-34363bc7c4c0": {
                                "create": 600000000000,
                                "delete": 600000000000
                            },
                            "schema_version": "1"
                        },
                        "tainted": false
                    },
                    "deposed": [],
                    "provider": "provider.aws"
                }
            },
            "depends_on": []
        }
    ]
}
